
Microsoft Visual Studio Solution File, Format Version 12.00
# Visual Studio 15
VisualStudioVersion = 15.0.28307.960
MinimumVisualStudioVersion = 10.0.40219.1
Project("{FAE04EC0-301F-11D3-BF4B-00C04F79EFBC}") = "PasswordManagerApi", "PasswordManagerApi\PasswordManagerApi.csproj", "{0BCD6A5B-1068-47A6-A4A4-882C75DC4892}"
EndProject
Project("{9A19103F-16F7-4668-BE54-9A1E7A4F7556}") = "PasswordManagerApi.Library", "PasswordManagerApi.Library\PasswordManagerApi.Library.csproj", "{E725F59B-CEB2-453D-B7C9-783DD293BE8A}"
EndProject
Project("{FAE04EC0-301F-11D3-BF4B-00C04F79EFBC}") = "PasswordManagerApi.Tests", "PasswordManagerApi.Tests\PasswordManagerApi.Tests.csproj", "{841574D9-6BFC-4CDD-AC01-CB2058E2E6FB}"
EndProject
Project("{2150E333-8FDC-42A3-9474-1A3956D46DE8}") = "Database", "Database", "{220BACB7-A47C-4972-831A-2FC7FABB3FAC}"
EndProject
Project("{00D1A9C2-B5F0-4AF3-8072-F6C62B433612}") = "PasswordManagerData", "Database\PasswordManagerData\PasswordManagerData.sqlproj", "{FCBFA266-BD77-41B4-A2EA-5ABECD960429}"
EndProject
Project("{2150E333-8FDC-42A3-9474-1A3956D46DE8}") = "Api", "Api", "{E2CB3362-452E-4AD7-A13C-9B7BC742A1DD}"
EndProject
Global
	GlobalSection(SolutionConfigurationPlatforms) = preSolution
		Debug|Any CPU = Debug|Any CPU
		Release|Any CPU = Release|Any CPU
	EndGlobalSection
	GlobalSection(ProjectConfigurationPlatforms) = postSolution
		{0BCD6A5B-1068-47A6-A4A4-882C75DC4892}.Debug|Any CPU.ActiveCfg = Debug|Any CPU
		{0BCD6A5B-1068-47A6-A4A4-882C75DC4892}.Debug|Any CPU.Build.0 = Debug|Any CPU
		{0BCD6A5B-1068-47A6-A4A4-882C75DC4892}.Release|Any CPU.ActiveCfg = Release|Any CPU
		{0BCD6A5B-1068-47A6-A4A4-882C75DC4892}.Release|Any CPU.Build.0 = Release|Any CPU
		{841574D9-6BFC-4CDD-AC01-CB2058E2E6FB}.Debug|Any CPU.ActiveCfg = Debug|Any CPU
		{841574D9-6BFC-4CDD-AC01-CB2058E2E6FB}.Debug|Any CPU.Build.0 = Debug|Any CPU
		{841574D9-6BFC-4CDD-AC01-CB2058E2E6FB}.Release|Any CPU.ActiveCfg = Release|Any CPU
		{841574D9-6BFC-4CDD-AC01-CB2058E2E6FB}.Release|Any CPU.Build.0 = Release|Any CPU
		{FCBFA266-BD77-41B4-A2EA-5ABECD960429}.Debug|Any CPU.ActiveCfg = Debug|Any CPU
		{FCBFA266-BD77-41B4-A2EA-5ABECD960429}.Debug|Any CPU.Build.0 = Debug|Any CPU
		{FCBFA266-BD77-41B4-A2EA-5ABECD960429}.Debug|Any CPU.Deploy.0 = Debug|Any CPU
		{FCBFA266-BD77-41B4-A2EA-5ABECD960429}.Release|Any CPU.ActiveCfg = Release|Any CPU
		{FCBFA266-BD77-41B4-A2EA-5ABECD960429}.Release|Any CPU.Build.0 = Release|Any CPU
		{FCBFA266-BD77-41B4-A2EA-5ABECD960429}.Release|Any CPU.Deploy.0 = Release|Any CPU
		{E725F59B-CEB2-453D-B7C9-783DD293BE8A}.Debug|Any CPU.ActiveCfg = Debug|Any CPU
		{E725F59B-CEB2-453D-B7C9-783DD293BE8A}.Debug|Any CPU.Build.0 = Debug|Any CPU
		{E725F59B-CEB2-453D-B7C9-783DD293BE8A}.Release|Any CPU.ActiveCfg = Release|Any CPU
		{E725F59B-CEB2-453D-B7C9-783DD293BE8A}.Release|Any CPU.Build.0 = Release|Any CPU
	EndGlobalSection
	GlobalSection(SolutionProperties) = preSolution
		HideSolutionNode = FALSE
	EndGlobalSection
	GlobalSection(NestedProjects) = preSolution
		{0BCD6A5B-1068-47A6-A4A4-882C75DC4892} = {E2CB3362-452E-4AD7-A13C-9B7BC742A1DD}
		{841574D9-6BFC-4CDD-AC01-CB2058E2E6FB} = {E2CB3362-452E-4AD7-A13C-9B7BC742A1DD}
		{FCBFA266-BD77-41B4-A2EA-5ABECD960429} = {220BACB7-A47C-4972-831A-2FC7FABB3FAC}
		{E725F59B-CEB2-453D-B7C9-783DD293BE8A} = {E2CB3362-452E-4AD7-A13C-9B7BC742A1DD}
	EndGlobalSection
	GlobalSection(ExtensibilityGlobals) = postSolution
		SolutionGuid = {5150F50A-B637-4930-94D2-0412B809B2C5}
	EndGlobalSection
EndGlobal
