
Microsoft Visual Studio Solution File, Format Version 12.00
# Visual Studio 15
VisualStudioVersion = 15.0.28307.960
MinimumVisualStudioVersion = 10.0.40219.1
Project("{FAE04EC0-301F-11D3-BF4B-00C04F79EFBC}") = "PasswordManager.App", "src\PasswordManager.App\PasswordManager.App.csproj", "{22A71C8F-7AB0-4270-9870-DB38D4B749BE}"
EndProject
Project("{FAE04EC0-301F-11D3-BF4B-00C04F79EFBC}") = "PasswordManager.Library", "lib\PasswordManager.Library\PasswordManager.Library.csproj", "{7B202709-16CB-42D1-8343-0AB81123AB34}"
EndProject
Project("{FAE04EC0-301F-11D3-BF4B-00C04F79EFBC}") = "PasswordManager.Api", "src\PasswordManager.Api\PasswordManager.Api.csproj", "{845B4F80-22D9-4308-8E37-9273A7BFB80A}"
EndProject
Project("{FAE04EC0-301F-11D3-BF4B-00C04F79EFBC}") = "PasswordManager.Tests", "test\PasswordManager.Tests\PasswordManager.Tests.csproj", "{2D36C333-3AF4-44F4-9560-9833F2DE0443}"
EndProject
Project("{00D1A9C2-B5F0-4AF3-8072-F6C62B433612}") = "PasswordManager.Data", "src\PasswordManager.Data\PasswordManager.Data.sqlproj", "{CF3E4E89-FDE2-4BE5-A950-CBC5B970E7A5}"
EndProject
Global
	GlobalSection(SolutionConfigurationPlatforms) = preSolution
		Debug|Any CPU = Debug|Any CPU
		Release|Any CPU = Release|Any CPU
	EndGlobalSection
	GlobalSection(ProjectConfigurationPlatforms) = postSolution
		{22A71C8F-7AB0-4270-9870-DB38D4B749BE}.Debug|Any CPU.ActiveCfg = Debug|Any CPU
		{22A71C8F-7AB0-4270-9870-DB38D4B749BE}.Debug|Any CPU.Build.0 = Debug|Any CPU
		{22A71C8F-7AB0-4270-9870-DB38D4B749BE}.Release|Any CPU.ActiveCfg = Release|Any CPU
		{22A71C8F-7AB0-4270-9870-DB38D4B749BE}.Release|Any CPU.Build.0 = Release|Any CPU
		{7B202709-16CB-42D1-8343-0AB81123AB34}.Debug|Any CPU.ActiveCfg = Debug|Any CPU
		{7B202709-16CB-42D1-8343-0AB81123AB34}.Debug|Any CPU.Build.0 = Debug|Any CPU
		{7B202709-16CB-42D1-8343-0AB81123AB34}.Release|Any CPU.ActiveCfg = Release|Any CPU
		{7B202709-16CB-42D1-8343-0AB81123AB34}.Release|Any CPU.Build.0 = Release|Any CPU
		{845B4F80-22D9-4308-8E37-9273A7BFB80A}.Debug|Any CPU.ActiveCfg = Debug|Any CPU
		{845B4F80-22D9-4308-8E37-9273A7BFB80A}.Debug|Any CPU.Build.0 = Debug|Any CPU
		{845B4F80-22D9-4308-8E37-9273A7BFB80A}.Release|Any CPU.ActiveCfg = Release|Any CPU
		{845B4F80-22D9-4308-8E37-9273A7BFB80A}.Release|Any CPU.Build.0 = Release|Any CPU
		{2D36C333-3AF4-44F4-9560-9833F2DE0443}.Debug|Any CPU.ActiveCfg = Debug|Any CPU
		{2D36C333-3AF4-44F4-9560-9833F2DE0443}.Debug|Any CPU.Build.0 = Debug|Any CPU
		{2D36C333-3AF4-44F4-9560-9833F2DE0443}.Release|Any CPU.ActiveCfg = Release|Any CPU
		{2D36C333-3AF4-44F4-9560-9833F2DE0443}.Release|Any CPU.Build.0 = Release|Any CPU
		{CF3E4E89-FDE2-4BE5-A950-CBC5B970E7A5}.Debug|Any CPU.ActiveCfg = Debug|Any CPU
		{CF3E4E89-FDE2-4BE5-A950-CBC5B970E7A5}.Debug|Any CPU.Build.0 = Debug|Any CPU
		{CF3E4E89-FDE2-4BE5-A950-CBC5B970E7A5}.Debug|Any CPU.Deploy.0 = Debug|Any CPU
		{CF3E4E89-FDE2-4BE5-A950-CBC5B970E7A5}.Release|Any CPU.ActiveCfg = Release|Any CPU
		{CF3E4E89-FDE2-4BE5-A950-CBC5B970E7A5}.Release|Any CPU.Build.0 = Release|Any CPU
		{CF3E4E89-FDE2-4BE5-A950-CBC5B970E7A5}.Release|Any CPU.Deploy.0 = Release|Any CPU
	EndGlobalSection
	GlobalSection(SolutionProperties) = preSolution
		HideSolutionNode = FALSE
	EndGlobalSection
	GlobalSection(ExtensibilityGlobals) = postSolution
		SolutionGuid = {5150F50A-B637-4930-94D2-0412B809B2C5}
	EndGlobalSection
EndGlobal
