
Microsoft Visual Studio Solution File, Format Version 12.00
# Visual Studio 15
VisualStudioVersion = 15.0.28307.960
MinimumVisualStudioVersion = 10.0.40219.1
Project("{FAE04EC0-301F-11D3-BF4B-00C04F79EFBC}") = "N2FPasswordManager", "N2FPasswordManager\N2FPasswordManager.csproj", "{0BCD6A5B-1068-47A6-A4A4-882C75DC4892}"
EndProject
Project("{FAE04EC0-301F-11D3-BF4B-00C04F79EFBC}") = "N2FPasswordManager.Tests", "N2FPasswordManager.Tests\N2FPasswordManager.Tests.csproj", "{841574D9-6BFC-4CDD-AC01-CB2058E2E6FB}"
EndProject
Global
	GlobalSection(SolutionConfigurationPlatforms) = preSolution
		Debug|Any CPU = Debug|Any CPU
		Release|Any CPU = Release|Any CPU
	EndGlobalSection
	GlobalSection(ProjectConfigurationPlatforms) = postSolution
		{0BCD6A5B-1068-47A6-A4A4-882C75DC4892}.Debug|Any CPU.ActiveCfg = Debug|Any CPU
		{0BCD6A5B-1068-47A6-A4A4-882C75DC4892}.Debug|Any CPU.Build.0 = Debug|Any CPU
		{0BCD6A5B-1068-47A6-A4A4-882C75DC4892}.Release|Any CPU.ActiveCfg = Release|Any CPU
		{0BCD6A5B-1068-47A6-A4A4-882C75DC4892}.Release|Any CPU.Build.0 = Release|Any CPU
		{841574D9-6BFC-4CDD-AC01-CB2058E2E6FB}.Debug|Any CPU.ActiveCfg = Debug|Any CPU
		{841574D9-6BFC-4CDD-AC01-CB2058E2E6FB}.Debug|Any CPU.Build.0 = Debug|Any CPU
		{841574D9-6BFC-4CDD-AC01-CB2058E2E6FB}.Release|Any CPU.ActiveCfg = Release|Any CPU
		{841574D9-6BFC-4CDD-AC01-CB2058E2E6FB}.Release|Any CPU.Build.0 = Release|Any CPU
	EndGlobalSection
	GlobalSection(SolutionProperties) = preSolution
		HideSolutionNode = FALSE
	EndGlobalSection
	GlobalSection(ExtensibilityGlobals) = postSolution
		SolutionGuid = {5150F50A-B637-4930-94D2-0412B809B2C5}
	EndGlobalSection
EndGlobal
